
Microsoft Visual Studio Solution File, Format Version 12.00
# Visual Studio 15
Project("{FAE04EC0-301F-11D3-BF4B-00C04F79EFBC}") = "ChineasePoker", "ChineasePoker.csproj", "{FE2237AA-41D0-2636-B7D8-77C3F92C03FB}"
EndProject
Project("{FAE04EC0-301F-11D3-BF4B-00C04F79EFBC}") = "ChineasePoker.Editor", "ChineasePoker.Editor.csproj", "{0C9967E7-5412-DB74-7B67-4DC58B69BA0A}"
EndProject
Global
	GlobalSection(SolutionConfigurationPlatforms) = preSolution
		Debug|Any CPU = Debug|Any CPU
		Release|Any CPU = Release|Any CPU
	EndGlobalSection
	GlobalSection(ProjectConfigurationPlatforms) = postSolution
		{FE2237AA-41D0-2636-B7D8-77C3F92C03FB}.Debug|Any CPU.ActiveCfg = Debug|Any CPU
		{FE2237AA-41D0-2636-B7D8-77C3F92C03FB}.Debug|Any CPU.Build.0 = Debug|Any CPU
		{FE2237AA-41D0-2636-B7D8-77C3F92C03FB}.Release|Any CPU.ActiveCfg = Release|Any CPU
		{FE2237AA-41D0-2636-B7D8-77C3F92C03FB}.Release|Any CPU.Build.0 = Release|Any CPU
		{0C9967E7-5412-DB74-7B67-4DC58B69BA0A}.Debug|Any CPU.ActiveCfg = Debug|Any CPU
		{0C9967E7-5412-DB74-7B67-4DC58B69BA0A}.Debug|Any CPU.Build.0 = Debug|Any CPU
		{0C9967E7-5412-DB74-7B67-4DC58B69BA0A}.Release|Any CPU.ActiveCfg = Release|Any CPU
		{0C9967E7-5412-DB74-7B67-4DC58B69BA0A}.Release|Any CPU.Build.0 = Release|Any CPU
	EndGlobalSection
	GlobalSection(SolutionProperties) = preSolution
		HideSolutionNode = FALSE
	EndGlobalSection
EndGlobal
